
Microsoft Visual Studio Solution File, Format Version 12.00
# Visual Studio Version 17
VisualStudioVersion = 17.6.33801.468
MinimumVisualStudioVersion = 10.0.40219.1
Project("{FAE04EC0-301F-11D3-BF4B-00C04F79EFBC}") = "day2 project", "ConsoleApp1\day2 project.csproj", "{E9C9619D-DF9C-410A-82B9-7C2F2F8A7626}"
EndProject
Project("{FAE04EC0-301F-11D3-BF4B-00C04F79EFBC}") = "constructorandobjectInt", "constructorandobjectInt\constructorandobjectInt.csproj", "{5521AE87-B502-4AD0-A232-300DC293BE74}"
EndProject
Project("{FAE04EC0-301F-11D3-BF4B-00C04F79EFBC}") = "StaticMember", "StaticMember\StaticMember.csproj", "{C31FA488-95CE-4F87-AC94-411C97B822C3}"
EndProject
Project("{FAE04EC0-301F-11D3-BF4B-00C04F79EFBC}") = "InheritanceExp", "InheritanceExp\InheritanceExp.csproj", "{BF767309-EFAA-4D90-B27F-94B6C66917E2}"
EndProject
Project("{FAE04EC0-301F-11D3-BF4B-00C04F79EFBC}") = "TestAccessModifiers", "TestAccessModifiers\TestAccessModifiers.csproj", "{184C582E-27B3-431C-852A-5F76DBA3A672}"
EndProject
Global
	GlobalSection(SolutionConfigurationPlatforms) = preSolution
		Debug|Any CPU = Debug|Any CPU
		Release|Any CPU = Release|Any CPU
	EndGlobalSection
	GlobalSection(ProjectConfigurationPlatforms) = postSolution
		{E9C9619D-DF9C-410A-82B9-7C2F2F8A7626}.Debug|Any CPU.ActiveCfg = Debug|Any CPU
		{E9C9619D-DF9C-410A-82B9-7C2F2F8A7626}.Debug|Any CPU.Build.0 = Debug|Any CPU
		{E9C9619D-DF9C-410A-82B9-7C2F2F8A7626}.Release|Any CPU.ActiveCfg = Release|Any CPU
		{E9C9619D-DF9C-410A-82B9-7C2F2F8A7626}.Release|Any CPU.Build.0 = Release|Any CPU
		{5521AE87-B502-4AD0-A232-300DC293BE74}.Debug|Any CPU.ActiveCfg = Debug|Any CPU
		{5521AE87-B502-4AD0-A232-300DC293BE74}.Debug|Any CPU.Build.0 = Debug|Any CPU
		{5521AE87-B502-4AD0-A232-300DC293BE74}.Release|Any CPU.ActiveCfg = Release|Any CPU
		{5521AE87-B502-4AD0-A232-300DC293BE74}.Release|Any CPU.Build.0 = Release|Any CPU
		{C31FA488-95CE-4F87-AC94-411C97B822C3}.Debug|Any CPU.ActiveCfg = Debug|Any CPU
		{C31FA488-95CE-4F87-AC94-411C97B822C3}.Debug|Any CPU.Build.0 = Debug|Any CPU
		{C31FA488-95CE-4F87-AC94-411C97B822C3}.Release|Any CPU.ActiveCfg = Release|Any CPU
		{C31FA488-95CE-4F87-AC94-411C97B822C3}.Release|Any CPU.Build.0 = Release|Any CPU
		{BF767309-EFAA-4D90-B27F-94B6C66917E2}.Debug|Any CPU.ActiveCfg = Debug|Any CPU
		{BF767309-EFAA-4D90-B27F-94B6C66917E2}.Debug|Any CPU.Build.0 = Debug|Any CPU
		{BF767309-EFAA-4D90-B27F-94B6C66917E2}.Release|Any CPU.ActiveCfg = Release|Any CPU
		{BF767309-EFAA-4D90-B27F-94B6C66917E2}.Release|Any CPU.Build.0 = Release|Any CPU
		{184C582E-27B3-431C-852A-5F76DBA3A672}.Debug|Any CPU.ActiveCfg = Debug|Any CPU
		{184C582E-27B3-431C-852A-5F76DBA3A672}.Debug|Any CPU.Build.0 = Debug|Any CPU
		{184C582E-27B3-431C-852A-5F76DBA3A672}.Release|Any CPU.ActiveCfg = Release|Any CPU
		{184C582E-27B3-431C-852A-5F76DBA3A672}.Release|Any CPU.Build.0 = Release|Any CPU
	EndGlobalSection
	GlobalSection(SolutionProperties) = preSolution
		HideSolutionNode = FALSE
	EndGlobalSection
	GlobalSection(ExtensibilityGlobals) = postSolution
		SolutionGuid = {2BB9A137-624F-42C3-977E-A1ABA4F57F0D}
	EndGlobalSection
EndGlobal
